
Microsoft Visual Studio Solution File, Format Version 11.00
# Visual Studio 2010
Project("{8BC9CEB8-8B4A-11D0-8D11-00A0C91BC942}") = "POJ1083-Moving Tables", "POJ1083-Moving Tables\POJ1083-Moving Tables.vcxproj", "{B07273B0-6873-49F0-969C-9F8940F67830}"
EndProject
Global
	GlobalSection(SolutionConfigurationPlatforms) = preSolution
		Debug|Win32 = Debug|Win32
		Release|Win32 = Release|Win32
	EndGlobalSection
	GlobalSection(ProjectConfigurationPlatforms) = postSolution
		{B07273B0-6873-49F0-969C-9F8940F67830}.Debug|Win32.ActiveCfg = Debug|Win32
		{B07273B0-6873-49F0-969C-9F8940F67830}.Debug|Win32.Build.0 = Debug|Win32
		{B07273B0-6873-49F0-969C-9F8940F67830}.Release|Win32.ActiveCfg = Release|Win32
		{B07273B0-6873-49F0-969C-9F8940F67830}.Release|Win32.Build.0 = Release|Win32
	EndGlobalSection
	GlobalSection(SolutionProperties) = preSolution
		HideSolutionNode = FALSE
	EndGlobalSection
EndGlobal
