
Microsoft Visual Studio Solution File, Format Version 11.00
# Visual Studio 2010
Project("{8BC9CEB8-8B4A-11D0-8D11-00A0C91BC942}") = "POJ1000-a plus b", "POJ1000-a plus b\POJ1000-a plus b.vcxproj", "{280B7F71-6E12-41F7-9693-29A28C7173C6}"
EndProject
Global
	GlobalSection(SolutionConfigurationPlatforms) = preSolution
		Debug|Win32 = Debug|Win32
		Release|Win32 = Release|Win32
	EndGlobalSection
	GlobalSection(ProjectConfigurationPlatforms) = postSolution
		{280B7F71-6E12-41F7-9693-29A28C7173C6}.Debug|Win32.ActiveCfg = Debug|Win32
		{280B7F71-6E12-41F7-9693-29A28C7173C6}.Debug|Win32.Build.0 = Debug|Win32
		{280B7F71-6E12-41F7-9693-29A28C7173C6}.Release|Win32.ActiveCfg = Release|Win32
		{280B7F71-6E12-41F7-9693-29A28C7173C6}.Release|Win32.Build.0 = Release|Win32
	EndGlobalSection
	GlobalSection(SolutionProperties) = preSolution
		HideSolutionNode = FALSE
	EndGlobalSection
EndGlobal
